
Microsoft Visual Studio Solution File, Format Version 12.00
# Visual Studio Version 16
VisualStudioVersion = 16.0.29230.47
MinimumVisualStudioVersion = 10.0.40219.1
Project("{FAE04EC0-301F-11D3-BF4B-00C04F79EFBC}") = "N_Queens_Problem", "N_Queens_Problem\N_Queens_Problem.csproj", "{23510914-3362-4B0C-9E9F-73D41DE78CAD}"
EndProject
Global
	GlobalSection(SolutionConfigurationPlatforms) = preSolution
		Debug|Any CPU = Debug|Any CPU
		Release|Any CPU = Release|Any CPU
	EndGlobalSection
	GlobalSection(ProjectConfigurationPlatforms) = postSolution
		{23510914-3362-4B0C-9E9F-73D41DE78CAD}.Debug|Any CPU.ActiveCfg = Debug|Any CPU
		{23510914-3362-4B0C-9E9F-73D41DE78CAD}.Debug|Any CPU.Build.0 = Debug|Any CPU
		{23510914-3362-4B0C-9E9F-73D41DE78CAD}.Release|Any CPU.ActiveCfg = Release|Any CPU
		{23510914-3362-4B0C-9E9F-73D41DE78CAD}.Release|Any CPU.Build.0 = Release|Any CPU
	EndGlobalSection
	GlobalSection(SolutionProperties) = preSolution
		HideSolutionNode = FALSE
	EndGlobalSection
	GlobalSection(ExtensibilityGlobals) = postSolution
		SolutionGuid = {256C7FED-E09C-4673-A854-DEF5EC685665}
	EndGlobalSection
EndGlobal
